
Microsoft Visual Studio Solution File, Format Version 12.00
# Visual Studio 14
VisualStudioVersion = 14.0.24720.0
MinimumVisualStudioVersion = 10.0.40219.1
Project("{FAE04EC0-301F-11D3-BF4B-00C04F79EFBC}") = "RemoteHelloWorldClient", "RemoteHelloWorldClient\RemoteHelloWorldClient.csproj", "{BAD5AD6B-6DC3-4B33-9862-F9CEC6A19A8D}"
EndProject
Project("{FAE04EC0-301F-11D3-BF4B-00C04F79EFBC}") = "SharedMessages", "SharedMessages\SharedMessages.csproj", "{0D83501F-F842-4BF6-8D3C-4294826C9224}"
EndProject
Global
	GlobalSection(SolutionConfigurationPlatforms) = preSolution
		Debug|Any CPU = Debug|Any CPU
		Release|Any CPU = Release|Any CPU
	EndGlobalSection
	GlobalSection(ProjectConfigurationPlatforms) = postSolution
		{BAD5AD6B-6DC3-4B33-9862-F9CEC6A19A8D}.Debug|Any CPU.ActiveCfg = Debug|Any CPU
		{BAD5AD6B-6DC3-4B33-9862-F9CEC6A19A8D}.Debug|Any CPU.Build.0 = Debug|Any CPU
		{BAD5AD6B-6DC3-4B33-9862-F9CEC6A19A8D}.Release|Any CPU.ActiveCfg = Release|Any CPU
		{BAD5AD6B-6DC3-4B33-9862-F9CEC6A19A8D}.Release|Any CPU.Build.0 = Release|Any CPU
		{0D83501F-F842-4BF6-8D3C-4294826C9224}.Debug|Any CPU.ActiveCfg = Debug|Any CPU
		{0D83501F-F842-4BF6-8D3C-4294826C9224}.Debug|Any CPU.Build.0 = Debug|Any CPU
		{0D83501F-F842-4BF6-8D3C-4294826C9224}.Release|Any CPU.ActiveCfg = Release|Any CPU
		{0D83501F-F842-4BF6-8D3C-4294826C9224}.Release|Any CPU.Build.0 = Release|Any CPU
	EndGlobalSection
	GlobalSection(SolutionProperties) = preSolution
		HideSolutionNode = FALSE
	EndGlobalSection
EndGlobal
