
Microsoft Visual Studio Solution File, Format Version 12.00
# Visual Studio 14
VisualStudioVersion = 14.0.24720.0
MinimumVisualStudioVersion = 10.0.40219.1
Project("{FAE04EC0-301F-11D3-BF4B-00C04F79EFBC}") = "zadatak2Server", "zadatak2Server\zadatak2Server.csproj", "{0D28201E-E655-49AA-B222-0940652D09DC}"
EndProject
Project("{FAE04EC0-301F-11D3-BF4B-00C04F79EFBC}") = "Messages", "Messages\Messages.csproj", "{8820EFAB-5E9A-4016-9CDA-8BD5E43DDAB2}"
EndProject
Global
	GlobalSection(SolutionConfigurationPlatforms) = preSolution
		Debug|Any CPU = Debug|Any CPU
		Release|Any CPU = Release|Any CPU
	EndGlobalSection
	GlobalSection(ProjectConfigurationPlatforms) = postSolution
		{0D28201E-E655-49AA-B222-0940652D09DC}.Debug|Any CPU.ActiveCfg = Debug|Any CPU
		{0D28201E-E655-49AA-B222-0940652D09DC}.Debug|Any CPU.Build.0 = Debug|Any CPU
		{0D28201E-E655-49AA-B222-0940652D09DC}.Release|Any CPU.ActiveCfg = Release|Any CPU
		{0D28201E-E655-49AA-B222-0940652D09DC}.Release|Any CPU.Build.0 = Release|Any CPU
		{8820EFAB-5E9A-4016-9CDA-8BD5E43DDAB2}.Debug|Any CPU.ActiveCfg = Debug|Any CPU
		{8820EFAB-5E9A-4016-9CDA-8BD5E43DDAB2}.Debug|Any CPU.Build.0 = Debug|Any CPU
		{8820EFAB-5E9A-4016-9CDA-8BD5E43DDAB2}.Release|Any CPU.ActiveCfg = Release|Any CPU
		{8820EFAB-5E9A-4016-9CDA-8BD5E43DDAB2}.Release|Any CPU.Build.0 = Release|Any CPU
	EndGlobalSection
	GlobalSection(SolutionProperties) = preSolution
		HideSolutionNode = FALSE
	EndGlobalSection
EndGlobal
