
Microsoft Visual Studio Solution File, Format Version 12.00
# Visual Studio 14
VisualStudioVersion = 14.0.24720.0
MinimumVisualStudioVersion = 10.0.40219.1
Project("{FAE04EC0-301F-11D3-BF4B-00C04F79EFBC}") = "Zadatak6_ppt", "Zadatak6_ppt\Zadatak6_ppt.csproj", "{DA54A8F9-7ED1-4D4A-997B-A5CC763C1A42}"
EndProject
Global
	GlobalSection(SolutionConfigurationPlatforms) = preSolution
		Debug|Any CPU = Debug|Any CPU
		Release|Any CPU = Release|Any CPU
	EndGlobalSection
	GlobalSection(ProjectConfigurationPlatforms) = postSolution
		{DA54A8F9-7ED1-4D4A-997B-A5CC763C1A42}.Debug|Any CPU.ActiveCfg = Debug|Any CPU
		{DA54A8F9-7ED1-4D4A-997B-A5CC763C1A42}.Debug|Any CPU.Build.0 = Debug|Any CPU
		{DA54A8F9-7ED1-4D4A-997B-A5CC763C1A42}.Release|Any CPU.ActiveCfg = Release|Any CPU
		{DA54A8F9-7ED1-4D4A-997B-A5CC763C1A42}.Release|Any CPU.Build.0 = Release|Any CPU
	EndGlobalSection
	GlobalSection(SolutionProperties) = preSolution
		HideSolutionNode = FALSE
	EndGlobalSection
EndGlobal
