
Microsoft Visual Studio Solution File, Format Version 12.00
# Visual Studio 14
VisualStudioVersion = 14.0.25123.0
MinimumVisualStudioVersion = 10.0.40219.1
Project("{FAE04EC0-301F-11D3-BF4B-00C04F79EFBC}") = "LamportME", "LamportME\LamportME.csproj", "{D301A4A2-C412-43AC-8198-34CC55C3885C}"
EndProject
Global
	GlobalSection(SolutionConfigurationPlatforms) = preSolution
		Debug|Any CPU = Debug|Any CPU
		Release|Any CPU = Release|Any CPU
	EndGlobalSection
	GlobalSection(ProjectConfigurationPlatforms) = postSolution
		{D301A4A2-C412-43AC-8198-34CC55C3885C}.Debug|Any CPU.ActiveCfg = Debug|Any CPU
		{D301A4A2-C412-43AC-8198-34CC55C3885C}.Debug|Any CPU.Build.0 = Debug|Any CPU
		{D301A4A2-C412-43AC-8198-34CC55C3885C}.Release|Any CPU.ActiveCfg = Release|Any CPU
		{D301A4A2-C412-43AC-8198-34CC55C3885C}.Release|Any CPU.Build.0 = Release|Any CPU
	EndGlobalSection
	GlobalSection(SolutionProperties) = preSolution
		HideSolutionNode = FALSE
	EndGlobalSection
EndGlobal
